// !$*UTF8*$!
{
	archiveVersion = 1;
	classes = {
	};
	objectVersion = 56;
	objects = {

/* Begin PBXBuildFile section */
		8C3B8B3F2B9D658E002466C1 /* PalSpheres.swift in Sources */ = {isa = PBXBuildFile; fileRef = 8C3B8B3E2B9D658E002466C1 /* PalSpheres.swift */; };
		8C3B8B412B9D689C002466C1 /* Materials.swift in Sources */ = {isa = PBXBuildFile; fileRef = 8C3B8B402B9D689C002466C1 /* Materials.swift */; };
		8C50F7512B9E29AF00B30884 /* ItemsView.swift in Sources */ = {isa = PBXBuildFile; fileRef = 8C50F7502B9E29AF00B30884 /* ItemsView.swift */; };
		8C50F7532B9E2ABE00B30884 /* MaterialsView.swift in Sources */ = {isa = PBXBuildFile; fileRef = 8C50F7522B9E2ABE00B30884 /* MaterialsView.swift */; };
		8C50F7592B9F5F3200B30884 /* MaterialsViewTest.swift in Sources */ = {isa = PBXBuildFile; fileRef = 8C50F7582B9F5F3200B30884 /* MaterialsViewTest.swift */; };
		8C50F75C2B9F615A00B30884 /* SwiftUIX in Frameworks */ = {isa = PBXBuildFile; productRef = 8C50F75B2B9F615A00B30884 /* SwiftUIX */; };
		8C82BF8B2B9A5E0D00D8ADFF /* PalworldToolsApp.swift in Sources */ = {isa = PBXBuildFile; fileRef = 8C82BF8A2B9A5E0D00D8ADFF /* PalworldToolsApp.swift */; };
		8C82BF8D2B9A5E0D00D8ADFF /* ContentView.swift in Sources */ = {isa = PBXBuildFile; fileRef = 8C82BF8C2B9A5E0D00D8ADFF /* ContentView.swift */; };
		8C82BF8F2B9A5E0F00D8ADFF /* Assets.xcassets in Resources */ = {isa = PBXBuildFile; fileRef = 8C82BF8E2B9A5E0F00D8ADFF /* Assets.xcassets */; };
		8C82BF922B9A5E0F00D8ADFF /* Preview Assets.xcassets in Resources */ = {isa = PBXBuildFile; fileRef = 8C82BF912B9A5E0F00D8ADFF /* Preview Assets.xcassets */; };
		8C82BF992B9A611F00D8ADFF /* EffigyTool.swift in Sources */ = {isa = PBXBuildFile; fileRef = 8C82BF982B9A611F00D8ADFF /* EffigyTool.swift */; };
		8C82BF9B2B9A647900D8ADFF /* PalSkills.swift in Sources */ = {isa = PBXBuildFile; fileRef = 8C82BF9A2B9A647900D8ADFF /* PalSkills.swift */; };
		8C82BF9D2B9A90BC00D8ADFF /* SkillsList.swift in Sources */ = {isa = PBXBuildFile; fileRef = 8C82BF9C2B9A90BC00D8ADFF /* SkillsList.swift */; };
/* End PBXBuildFile section */

/* Begin PBXFileReference section */
		8C3B8B3E2B9D658E002466C1 /* PalSpheres.swift */ = {isa = PBXFileReference; lastKnownFileType = sourcecode.swift; path = PalSpheres.swift; sourceTree = "<group>"; };
		8C3B8B402B9D689C002466C1 /* Materials.swift */ = {isa = PBXFileReference; lastKnownFileType = sourcecode.swift; path = Materials.swift; sourceTree = "<group>"; };
		8C50F7502B9E29AF00B30884 /* ItemsView.swift */ = {isa = PBXFileReference; lastKnownFileType = sourcecode.swift; path = ItemsView.swift; sourceTree = "<group>"; };
		8C50F7522B9E2ABE00B30884 /* MaterialsView.swift */ = {isa = PBXFileReference; lastKnownFileType = sourcecode.swift; path = MaterialsView.swift; sourceTree = "<group>"; };
		8C50F7582B9F5F3200B30884 /* MaterialsViewTest.swift */ = {isa = PBXFileReference; lastKnownFileType = sourcecode.swift; path = MaterialsViewTest.swift; sourceTree = "<group>"; };
		8C82BF872B9A5E0D00D8ADFF /* PalworldTools.app */ = {isa = PBXFileReference; explicitFileType = wrapper.application; includeInIndex = 0; path = PalworldTools.app; sourceTree = BUILT_PRODUCTS_DIR; };
		8C82BF8A2B9A5E0D00D8ADFF /* PalworldToolsApp.swift */ = {isa = PBXFileReference; lastKnownFileType = sourcecode.swift; path = PalworldToolsApp.swift; sourceTree = "<group>"; };
		8C82BF8C2B9A5E0D00D8ADFF /* ContentView.swift */ = {isa = PBXFileReference; lastKnownFileType = sourcecode.swift; path = ContentView.swift; sourceTree = "<group>"; };
		8C82BF8E2B9A5E0F00D8ADFF /* Assets.xcassets */ = {isa = PBXFileReference; lastKnownFileType = folder.assetcatalog; path = Assets.xcassets; sourceTree = "<group>"; };
		8C82BF912B9A5E0F00D8ADFF /* Preview Assets.xcassets */ = {isa = PBXFileReference; lastKnownFileType = folder.assetcatalog; path = "Preview Assets.xcassets"; sourceTree = "<group>"; };
		8C82BF982B9A611F00D8ADFF /* EffigyTool.swift */ = {isa = PBXFileReference; lastKnownFileType = sourcecode.swift; path = EffigyTool.swift; sourceTree = "<group>"; };
		8C82BF9A2B9A647900D8ADFF /* PalSkills.swift */ = {isa = PBXFileReference; lastKnownFileType = sourcecode.swift; path = PalSkills.swift; sourceTree = "<group>"; };
		8C82BF9C2B9A90BC00D8ADFF /* SkillsList.swift */ = {isa = PBXFileReference; lastKnownFileType = sourcecode.swift; path = SkillsList.swift; sourceTree = "<group>"; };
/* End PBXFileReference section */

/* Begin PBXFrameworksBuildPhase section */
		8C82BF842B9A5E0D00D8ADFF /* Frameworks */ = {
			isa = PBXFrameworksBuildPhase;
			buildActionMask = 2147483647;
			files = (
				8C50F75C2B9F615A00B30884 /* SwiftUIX in Frameworks */,
			);
			runOnlyForDeploymentPostprocessing = 0;
		};
/* End PBXFrameworksBuildPhase section */

/* Begin PBXGroup section */
		8C8023F42B9E6D5200380130 /* Views */ = {
			isa = PBXGroup;
			children = (
				8C82BF9A2B9A647900D8ADFF /* PalSkills.swift */,
				8C82BF982B9A611F00D8ADFF /* EffigyTool.swift */,
				8C50F7522B9E2ABE00B30884 /* MaterialsView.swift */,
				8C50F7502B9E29AF00B30884 /* ItemsView.swift */,
				8C82BF8C2B9A5E0D00D8ADFF /* ContentView.swift */,
			);
			path = Views;
			sourceTree = "<group>";
		};
		8C8023F52B9E6D5B00380130 /* Brains */ = {
			isa = PBXGroup;
			children = (
				8C82BF9C2B9A90BC00D8ADFF /* SkillsList.swift */,
				8C3B8B3E2B9D658E002466C1 /* PalSpheres.swift */,
				8C3B8B402B9D689C002466C1 /* Materials.swift */,
			);
			path = Brains;
			sourceTree = "<group>";
		};
		8C82BF7E2B9A5E0D00D8ADFF = {
			isa = PBXGroup;
			children = (
				8C50F7582B9F5F3200B30884 /* MaterialsViewTest.swift */,
				8C82BF892B9A5E0D00D8ADFF /* PalworldTools */,
				8C82BF882B9A5E0D00D8ADFF /* Products */,
			);
			sourceTree = "<group>";
			usesTabs = 0;
		};
		8C82BF882B9A5E0D00D8ADFF /* Products */ = {
			isa = PBXGroup;
			children = (
				8C82BF872B9A5E0D00D8ADFF /* PalworldTools.app */,
			);
			name = Products;
			sourceTree = "<group>";
		};
		8C82BF892B9A5E0D00D8ADFF /* PalworldTools */ = {
			isa = PBXGroup;
			children = (
				8C82BF8A2B9A5E0D00D8ADFF /* PalworldToolsApp.swift */,
				8C82BF8E2B9A5E0F00D8ADFF /* Assets.xcassets */,
				8C82BF902B9A5E0F00D8ADFF /* Preview Content */,
				8C8023F42B9E6D5200380130 /* Views */,
				8C8023F52B9E6D5B00380130 /* Brains */,
			);
			path = PalworldTools;
			sourceTree = "<group>";
		};
		8C82BF902B9A5E0F00D8ADFF /* Preview Content */ = {
			isa = PBXGroup;
			children = (
				8C82BF912B9A5E0F00D8ADFF /* Preview Assets.xcassets */,
			);
			path = "Preview Content";
			sourceTree = "<group>";
		};
/* End PBXGroup section */

/* Begin PBXNativeTarget section */
		8C82BF862B9A5E0D00D8ADFF /* PalworldTools */ = {
			isa = PBXNativeTarget;
			buildConfigurationList = 8C82BF952B9A5E0F00D8ADFF /* Build configuration list for PBXNativeTarget "PalworldTools" */;
			buildPhases = (
				8C82BF832B9A5E0D00D8ADFF /* Sources */,
				8C82BF842B9A5E0D00D8ADFF /* Frameworks */,
				8C82BF852B9A5E0D00D8ADFF /* Resources */,
			);
			buildRules = (
			);
			dependencies = (
			);
			name = PalworldTools;
			packageProductDependencies = (
				8C50F75B2B9F615A00B30884 /* SwiftUIX */,
			);
			productName = PalworldTools;
			productReference = 8C82BF872B9A5E0D00D8ADFF /* PalworldTools.app */;
			productType = "com.apple.product-type.application";
		};
/* End PBXNativeTarget section */

/* Begin PBXProject section */
		8C82BF7F2B9A5E0D00D8ADFF /* Project object */ = {
			isa = PBXProject;
			attributes = {
				BuildIndependentTargetsInParallel = 1;
				LastSwiftUpdateCheck = 1530;
				LastUpgradeCheck = 1530;
				TargetAttributes = {
					8C82BF862B9A5E0D00D8ADFF = {
						CreatedOnToolsVersion = 15.3;
					};
				};
			};
			buildConfigurationList = 8C82BF822B9A5E0D00D8ADFF /* Build configuration list for PBXProject "PalworldTools" */;
			compatibilityVersion = "Xcode 14.0";
			developmentRegion = en;
			hasScannedForEncodings = 0;
			knownRegions = (
				en,
				Base,
			);
			mainGroup = 8C82BF7E2B9A5E0D00D8ADFF;
			packageReferences = (
				8C50F75A2B9F615A00B30884 /* XCRemoteSwiftPackageReference "SwiftUIX" */,
			);
			productRefGroup = 8C82BF882B9A5E0D00D8ADFF /* Products */;
			projectDirPath = "";
			projectRoot = "";
			targets = (
				8C82BF862B9A5E0D00D8ADFF /* PalworldTools */,
			);
		};
/* End PBXProject section */

/* Begin PBXResourcesBuildPhase section */
		8C82BF852B9A5E0D00D8ADFF /* Resources */ = {
			isa = PBXResourcesBuildPhase;
			buildActionMask = 2147483647;
			files = (
				8C82BF922B9A5E0F00D8ADFF /* Preview Assets.xcassets in Resources */,
				8C82BF8F2B9A5E0F00D8ADFF /* Assets.xcassets in Resources */,
			);
			runOnlyForDeploymentPostprocessing = 0;
		};
/* End PBXResourcesBuildPhase section */

/* Begin PBXSourcesBuildPhase section */
		8C82BF832B9A5E0D00D8ADFF /* Sources */ = {
			isa = PBXSourcesBuildPhase;
			buildActionMask = 2147483647;
			files = (
				8C3B8B3F2B9D658E002466C1 /* PalSpheres.swift in Sources */,
				8C82BF9B2B9A647900D8ADFF /* PalSkills.swift in Sources */,
				8C82BF992B9A611F00D8ADFF /* EffigyTool.swift in Sources */,
				8C50F7532B9E2ABE00B30884 /* MaterialsView.swift in Sources */,
				8C3B8B412B9D689C002466C1 /* Materials.swift in Sources */,
				8C82BF8D2B9A5E0D00D8ADFF /* ContentView.swift in Sources */,
				8C82BF8B2B9A5E0D00D8ADFF /* PalworldToolsApp.swift in Sources */,
				8C50F7592B9F5F3200B30884 /* MaterialsViewTest.swift in Sources */,
				8C82BF9D2B9A90BC00D8ADFF /* SkillsList.swift in Sources */,
				8C50F7512B9E29AF00B30884 /* ItemsView.swift in Sources */,
			);
			runOnlyForDeploymentPostprocessing = 0;
		};
/* End PBXSourcesBuildPhase section */

/* Begin XCBuildConfiguration section */
		8C82BF932B9A5E0F00D8ADFF /* Debug */ = {
			isa = XCBuildConfiguration;
			buildSettings = {
				ALWAYS_SEARCH_USER_PATHS = NO;
				ASSETCATALOG_COMPILER_GENERATE_SWIFT_ASSET_SYMBOL_EXTENSIONS = YES;
				CLANG_ANALYZER_NONNULL = YES;
				CLANG_ANALYZER_NUMBER_OBJECT_CONVERSION = YES_AGGRESSIVE;
				CLANG_CXX_LANGUAGE_STANDARD = "gnu++20";
				CLANG_ENABLE_MODULES = YES;
				CLANG_ENABLE_OBJC_ARC = YES;
				CLANG_ENABLE_OBJC_WEAK = YES;
				CLANG_WARN_BLOCK_CAPTURE_AUTORELEASING = YES;
				CLANG_WARN_BOOL_CONVERSION = YES;
				CLANG_WARN_COMMA = YES;
				CLANG_WARN_CONSTANT_CONVERSION = YES;
				CLANG_WARN_DEPRECATED_OBJC_IMPLEMENTATIONS = YES;
				CLANG_WARN_DIRECT_OBJC_ISA_USAGE = YES_ERROR;
				CLANG_WARN_DOCUMENTATION_COMMENTS = YES;
				CLANG_WARN_EMPTY_BODY = YES;
				CLANG_WARN_ENUM_CONVERSION = YES;
				CLANG_WARN_INFINITE_RECURSION = YES;
				CLANG_WARN_INT_CONVERSION = YES;
				CLANG_WARN_NON_LITERAL_NULL_CONVERSION = YES;
				CLANG_WARN_OBJC_IMPLICIT_RETAIN_SELF = YES;
				CLANG_WARN_OBJC_LITERAL_CONVERSION = YES;
				CLANG_WARN_OBJC_ROOT_CLASS = YES_ERROR;
				CLANG_WARN_QUOTED_INCLUDE_IN_FRAMEWORK_HEADER = YES;
				CLANG_WARN_RANGE_LOOP_ANALYSIS = YES;
				CLANG_WARN_STRICT_PROTOTYPES = YES;
				CLANG_WARN_SUSPICIOUS_MOVE = YES;
				CLANG_WARN_UNGUARDED_AVAILABILITY = YES_AGGRESSIVE;
				CLANG_WARN_UNREACHABLE_CODE = YES;
				CLANG_WARN__DUPLICATE_METHOD_MATCH = YES;
				COPY_PHASE_STRIP = NO;
				DEBUG_INFORMATION_FORMAT = dwarf;
				ENABLE_STRICT_OBJC_MSGSEND = YES;
				ENABLE_TESTABILITY = YES;
				ENABLE_USER_SCRIPT_SANDBOXING = YES;
				GCC_C_LANGUAGE_STANDARD = gnu17;
				GCC_DYNAMIC_NO_PIC = NO;
				GCC_NO_COMMON_BLOCKS = YES;
				GCC_OPTIMIZATION_LEVEL = 0;
				GCC_PREPROCESSOR_DEFINITIONS = (
					"DEBUG=1",
					"$(inherited)",
				);
				GCC_WARN_64_TO_32_BIT_CONVERSION = YES;
				GCC_WARN_ABOUT_RETURN_TYPE = YES_ERROR;
				GCC_WARN_UNDECLARED_SELECTOR = YES;
				GCC_WARN_UNINITIALIZED_AUTOS = YES_AGGRESSIVE;
				GCC_WARN_UNUSED_FUNCTION = YES;
				GCC_WARN_UNUSED_VARIABLE = YES;
				IPHONEOS_DEPLOYMENT_TARGET = 17.4;
				LOCALIZATION_PREFERS_STRING_CATALOGS = YES;
				MTL_ENABLE_DEBUG_INFO = INCLUDE_SOURCE;
				MTL_FAST_MATH = YES;
				ONLY_ACTIVE_ARCH = YES;
				SDKROOT = iphoneos;
				SWIFT_ACTIVE_COMPILATION_CONDITIONS = "DEBUG $(inherited)";
				SWIFT_OPTIMIZATION_LEVEL = "-Onone";
			};
			name = Debug;
		};
		8C82BF942B9A5E0F00D8ADFF /* Release */ = {
			isa = XCBuildConfiguration;
			buildSettings = {
				ALWAYS_SEARCH_USER_PATHS = NO;
				ASSETCATALOG_COMPILER_GENERATE_SWIFT_ASSET_SYMBOL_EXTENSIONS = YES;
				CLANG_ANALYZER_NONNULL = YES;
				CLANG_ANALYZER_NUMBER_OBJECT_CONVERSION = YES_AGGRESSIVE;
				CLANG_CXX_LANGUAGE_STANDARD = "gnu++20";
				CLANG_ENABLE_MODULES = YES;
				CLANG_ENABLE_OBJC_ARC = YES;
				CLANG_ENABLE_OBJC_WEAK = YES;
				CLANG_WARN_BLOCK_CAPTURE_AUTORELEASING = YES;
				CLANG_WARN_BOOL_CONVERSION = YES;
				CLANG_WARN_COMMA = YES;
				CLANG_WARN_CONSTANT_CONVERSION = YES;
				CLANG_WARN_DEPRECATED_OBJC_IMPLEMENTATIONS = YES;
				CLANG_WARN_DIRECT_OBJC_ISA_USAGE = YES_ERROR;
				CLANG_WARN_DOCUMENTATION_COMMENTS = YES;
				CLANG_WARN_EMPTY_BODY = YES;
				CLANG_WARN_ENUM_CONVERSION = YES;
				CLANG_WARN_INFINITE_RECURSION = YES;
				CLANG_WARN_INT_CONVERSION = YES;
				CLANG_WARN_NON_LITERAL_NULL_CONVERSION = YES;
				CLANG_WARN_OBJC_IMPLICIT_RETAIN_SELF = YES;
				CLANG_WARN_OBJC_LITERAL_CONVERSION = YES;
				CLANG_WARN_OBJC_ROOT_CLASS = YES_ERROR;
				CLANG_WARN_QUOTED_INCLUDE_IN_FRAMEWORK_HEADER = YES;
				CLANG_WARN_RANGE_LOOP_ANALYSIS = YES;
				CLANG_WARN_STRICT_PROTOTYPES = YES;
				CLANG_WARN_SUSPICIOUS_MOVE = YES;
				CLANG_WARN_UNGUARDED_AVAILABILITY = YES_AGGRESSIVE;
				CLANG_WARN_UNREACHABLE_CODE = YES;
				CLANG_WARN__DUPLICATE_METHOD_MATCH = YES;
				COPY_PHASE_STRIP = NO;
				DEBUG_INFORMATION_FORMAT = "dwarf-with-dsym";
				ENABLE_NS_ASSERTIONS = NO;
				ENABLE_STRICT_OBJC_MSGSEND = YES;
				ENABLE_USER_SCRIPT_SANDBOXING = YES;
				GCC_C_LANGUAGE_STANDARD = gnu17;
				GCC_NO_COMMON_BLOCKS = YES;
				GCC_WARN_64_TO_32_BIT_CONVERSION = YES;
				GCC_WARN_ABOUT_RETURN_TYPE = YES_ERROR;
				GCC_WARN_UNDECLARED_SELECTOR = YES;
				GCC_WARN_UNINITIALIZED_AUTOS = YES_AGGRESSIVE;
				GCC_WARN_UNUSED_FUNCTION = YES;
				GCC_WARN_UNUSED_VARIABLE = YES;
				IPHONEOS_DEPLOYMENT_TARGET = 17.4;
				LOCALIZATION_PREFERS_STRING_CATALOGS = YES;
				MTL_ENABLE_DEBUG_INFO = NO;
				MTL_FAST_MATH = YES;
				SDKROOT = iphoneos;
				SWIFT_COMPILATION_MODE = wholemodule;
				VALIDATE_PRODUCT = YES;
			};
			name = Release;
		};
		8C82BF962B9A5E0F00D8ADFF /* Debug */ = {
			isa = XCBuildConfiguration;
			buildSettings = {
				ASSETCATALOG_COMPILER_APPICON_NAME = AppIcon;
				ASSETCATALOG_COMPILER_GLOBAL_ACCENT_COLOR_NAME = AccentColor;
				CODE_SIGN_STYLE = Automatic;
				CURRENT_PROJECT_VERSION = 1;
				DEVELOPMENT_ASSET_PATHS = "\"PalworldTools/Preview Content\"";
				DEVELOPMENT_TEAM = GW4N676545;
				ENABLE_PREVIEWS = YES;
				GENERATE_INFOPLIST_FILE = YES;
				INFOPLIST_KEY_UIApplicationSceneManifest_Generation = YES;
				INFOPLIST_KEY_UIApplicationSupportsIndirectInputEvents = YES;
				INFOPLIST_KEY_UILaunchScreen_Generation = YES;
				INFOPLIST_KEY_UISupportedInterfaceOrientations_iPad = "UIInterfaceOrientationPortrait UIInterfaceOrientationPortraitUpsideDown UIInterfaceOrientationLandscapeLeft UIInterfaceOrientationLandscapeRight";
				INFOPLIST_KEY_UISupportedInterfaceOrientations_iPhone = "UIInterfaceOrientationPortrait UIInterfaceOrientationLandscapeLeft UIInterfaceOrientationLandscapeRight";
				IPHONEOS_DEPLOYMENT_TARGET = 16.0;
				LD_RUNPATH_SEARCH_PATHS = (
					"$(inherited)",
					"@executable_path/Frameworks",
				);
				MARKETING_VERSION = 1.0;
				PRODUCT_BUNDLE_IDENTIFIER = com.javier.PalworldTools;
				PRODUCT_NAME = "$(TARGET_NAME)";
				SWIFT_EMIT_LOC_STRINGS = YES;
				SWIFT_VERSION = 5.0;
				TARGETED_DEVICE_FAMILY = "1,2";
			};
			name = Debug;
		};
		8C82BF972B9A5E0F00D8ADFF /* Release */ = {
			isa = XCBuildConfiguration;
			buildSettings = {
				ASSETCATALOG_COMPILER_APPICON_NAME = AppIcon;
				ASSETCATALOG_COMPILER_GLOBAL_ACCENT_COLOR_NAME = AccentColor;
				CODE_SIGN_STYLE = Automatic;
				CURRENT_PROJECT_VERSION = 1;
				DEVELOPMENT_ASSET_PATHS = "\"PalworldTools/Preview Content\"";
				DEVELOPMENT_TEAM = GW4N676545;
				ENABLE_PREVIEWS = YES;
				GENERATE_INFOPLIST_FILE = YES;
				INFOPLIST_KEY_UIApplicationSceneManifest_Generation = YES;
				INFOPLIST_KEY_UIApplicationSupportsIndirectInputEvents = YES;
				INFOPLIST_KEY_UILaunchScreen_Generation = YES;
				INFOPLIST_KEY_UISupportedInterfaceOrientations_iPad = "UIInterfaceOrientationPortrait UIInterfaceOrientationPortraitUpsideDown UIInterfaceOrientationLandscapeLeft UIInterfaceOrientationLandscapeRight";
				INFOPLIST_KEY_UISupportedInterfaceOrientations_iPhone = "UIInterfaceOrientationPortrait UIInterfaceOrientationLandscapeLeft UIInterfaceOrientationLandscapeRight";
				IPHONEOS_DEPLOYMENT_TARGET = 16.0;
				LD_RUNPATH_SEARCH_PATHS = (
					"$(inherited)",
					"@executable_path/Frameworks",
				);
				MARKETING_VERSION = 1.0;
				PRODUCT_BUNDLE_IDENTIFIER = com.javier.PalworldTools;
				PRODUCT_NAME = "$(TARGET_NAME)";
				SWIFT_EMIT_LOC_STRINGS = YES;
				SWIFT_VERSION = 5.0;
				TARGETED_DEVICE_FAMILY = "1,2";
			};
			name = Release;
		};
/* End XCBuildConfiguration section */

/* Begin XCConfigurationList section */
		8C82BF822B9A5E0D00D8ADFF /* Build configuration list for PBXProject "PalworldTools" */ = {
			isa = XCConfigurationList;
			buildConfigurations = (
				8C82BF932B9A5E0F00D8ADFF /* Debug */,
				8C82BF942B9A5E0F00D8ADFF /* Release */,
			);
			defaultConfigurationIsVisible = 0;
			defaultConfigurationName = Release;
		};
		8C82BF952B9A5E0F00D8ADFF /* Build configuration list for PBXNativeTarget "PalworldTools" */ = {
			isa = XCConfigurationList;
			buildConfigurations = (
				8C82BF962B9A5E0F00D8ADFF /* Debug */,
				8C82BF972B9A5E0F00D8ADFF /* Release */,
			);
			defaultConfigurationIsVisible = 0;
			defaultConfigurationName = Release;
		};
/* End XCConfigurationList section */

/* Begin XCRemoteSwiftPackageReference section */
		8C50F75A2B9F615A00B30884 /* XCRemoteSwiftPackageReference "SwiftUIX" */ = {
			isa = XCRemoteSwiftPackageReference;
			repositoryURL = "https://github.com/SwiftUIX/SwiftUIX";
			requirement = {
				kind = upToNextMajorVersion;
				minimumVersion = 0.1.9;
			};
		};
/* End XCRemoteSwiftPackageReference section */

/* Begin XCSwiftPackageProductDependency section */
		8C50F75B2B9F615A00B30884 /* SwiftUIX */ = {
			isa = XCSwiftPackageProductDependency;
			package = 8C50F75A2B9F615A00B30884 /* XCRemoteSwiftPackageReference "SwiftUIX" */;
			productName = SwiftUIX;
		};
/* End XCSwiftPackageProductDependency section */
	};
	rootObject = 8C82BF7F2B9A5E0D00D8ADFF /* Project object */;
}
